
Microsoft Visual Studio Solution File, Format Version 12.00
# Visual Studio Version 17
VisualStudioVersion = 17.6.33815.320
MinimumVisualStudioVersion = 10.0.40219.1
Project("{FAE04EC0-301F-11D3-BF4B-00C04F79EFBC}") = "RateSetter", "RateSetter\RateSetter.csproj", "{622F28E9-3085-493D-8132-A91F1A606411}"
EndProject
Global
	GlobalSection(SolutionConfigurationPlatforms) = preSolution
		Debug|Any CPU = Debug|Any CPU
		Release|Any CPU = Release|Any CPU
	EndGlobalSection
	GlobalSection(ProjectConfigurationPlatforms) = postSolution
		{622F28E9-3085-493D-8132-A91F1A606411}.Debug|Any CPU.ActiveCfg = Debug|Any CPU
		{622F28E9-3085-493D-8132-A91F1A606411}.Debug|Any CPU.Build.0 = Debug|Any CPU
		{622F28E9-3085-493D-8132-A91F1A606411}.Release|Any CPU.ActiveCfg = Release|Any CPU
		{622F28E9-3085-493D-8132-A91F1A606411}.Release|Any CPU.Build.0 = Release|Any CPU
	EndGlobalSection
	GlobalSection(SolutionProperties) = preSolution
		HideSolutionNode = FALSE
	EndGlobalSection
	GlobalSection(ExtensibilityGlobals) = postSolution
		SolutionGuid = {4585C5AA-DCC7-4F02-801C-35E4B8327E18}
	EndGlobalSection
EndGlobal
